
Microsoft Visual Studio Solution File, Format Version 12.00
# Visual Studio Version 17
VisualStudioVersion = 17.14.36127.28
MinimumVisualStudioVersion = 10.0.40219.1
Project("{FAE04EC0-301F-11D3-BF4B-00C04F79EFBC}") = "WaterBillingApp", "WaterBillingApp\WaterBillingApp.csproj", "{61F18D15-A417-A31D-AFB4-D43379A5E68A}"
EndProject
Project("{FAE04EC0-301F-11D3-BF4B-00C04F79EFBC}") = "WaterBillingWebAPI", "WaterBillingWebAPI\WaterBillingWebAPI.csproj", "{A2798546-392B-4152-BA8C-371F3756B9BD}"
EndProject
Global
	GlobalSection(SolutionConfigurationPlatforms) = preSolution
		Debug|Any CPU = Debug|Any CPU
		Release|Any CPU = Release|Any CPU
	EndGlobalSection
	GlobalSection(ProjectConfigurationPlatforms) = postSolution
		{61F18D15-A417-A31D-AFB4-D43379A5E68A}.Debug|Any CPU.ActiveCfg = Debug|Any CPU
		{61F18D15-A417-A31D-AFB4-D43379A5E68A}.Debug|Any CPU.Build.0 = Debug|Any CPU
		{61F18D15-A417-A31D-AFB4-D43379A5E68A}.Release|Any CPU.ActiveCfg = Release|Any CPU
		{61F18D15-A417-A31D-AFB4-D43379A5E68A}.Release|Any CPU.Build.0 = Release|Any CPU
		{A2798546-392B-4152-BA8C-371F3756B9BD}.Debug|Any CPU.ActiveCfg = Debug|Any CPU
		{A2798546-392B-4152-BA8C-371F3756B9BD}.Debug|Any CPU.Build.0 = Debug|Any CPU
		{A2798546-392B-4152-BA8C-371F3756B9BD}.Release|Any CPU.ActiveCfg = Release|Any CPU
		{A2798546-392B-4152-BA8C-371F3756B9BD}.Release|Any CPU.Build.0 = Release|Any CPU
	EndGlobalSection
	GlobalSection(SolutionProperties) = preSolution
		HideSolutionNode = FALSE
	EndGlobalSection
	GlobalSection(ExtensibilityGlobals) = postSolution
		SolutionGuid = {9852E767-82AF-4689-B3C3-CE96549F49E9}
	EndGlobalSection
EndGlobal
